Microsoft Visual Studio Solution File, Format Version 12.00
# Visual Studio Version 16
VisualStudioVersion = 16.0.29806.167
MinimumVisualStudioVersion = 10.0.40219.1
Project("{FAE04EC0-301F-11D3-BF4B-00C04F79EFBC}") = "MultipleDeviceResolutionsSample.Android", "MultipleDeviceResolutionsSample.Android\MultipleDeviceResolutionsSample.Android.csproj", "{1A89715B-A2BA-4BFB-AC7E-5C78D9840B2C}"
EndProject
Project("{FAE04EC0-301F-11D3-BF4B-00C04F79EFBC}") = "MultipleDeviceResolutionsSample.iOS", "MultipleDeviceResolutionsSample.iOS\MultipleDeviceResolutionsSample.iOS.csproj", "{41A444C3-E4EC-4383-9ECF-3029D19FD22D}"
EndProject
Project("{9A19103F-16F7-4668-BE54-9A1E7A4F7556}") = "MultipleDeviceResolutionsSample", "MultipleDeviceResolutionsSample\MultipleDeviceResolutionsSample.csproj", "{2130C0FD-898F-42F0-AEF1-9929121CC248}"
EndProject
Global
	GlobalSection(SolutionConfigurationPlatforms) = preSolution
		Debug|Any CPU = Debug|Any CPU
		Debug|iPhone = Debug|iPhone
		Debug|iPhoneSimulator = Debug|iPhoneSimulator
		Release|Any CPU = Release|Any CPU
		Release|iPhone = Release|iPhone
		Release|iPhoneSimulator = Release|iPhoneSimulator
	EndGlobalSection
	GlobalSection(ProjectConfigurationPlatforms) = postSolution
		{1A89715B-A2BA-4BFB-AC7E-5C78D9840B2C}.Debug|Any CPU.ActiveCfg = Debug|Any CPU
		{1A89715B-A2BA-4BFB-AC7E-5C78D9840B2C}.Debug|Any CPU.Build.0 = Debug|Any CPU
		{1A89715B-A2BA-4BFB-AC7E-5C78D9840B2C}.Debug|iPhone.ActiveCfg = Debug|Any CPU
		{1A89715B-A2BA-4BFB-AC7E-5C78D9840B2C}.Debug|iPhone.Build.0 = Debug|Any CPU
		{1A89715B-A2BA-4BFB-AC7E-5C78D9840B2C}.Debug|iPhoneSimulator.ActiveCfg = Debug|Any CPU
		{1A89715B-A2BA-4BFB-AC7E-5C78D9840B2C}.Debug|iPhoneSimulator.Build.0 = Debug|Any CPU
		{1A89715B-A2BA-4BFB-AC7E-5C78D9840B2C}.Debug|iPhoneSimulator.Deploy.0 = Debug|Any CPU
		{1A89715B-A2BA-4BFB-AC7E-5C78D9840B2C}.Release|Any CPU.ActiveCfg = Release|Any CPU
		{1A89715B-A2BA-4BFB-AC7E-5C78D9840B2C}.Release|Any CPU.Build.0 = Release|Any CPU
		{1A89715B-A2BA-4BFB-AC7E-5C78D9840B2C}.Release|iPhone.ActiveCfg = Release|Any CPU
		{1A89715B-A2BA-4BFB-AC7E-5C78D9840B2C}.Release|iPhone.Build.0 = Release|Any CPU
		{1A89715B-A2BA-4BFB-AC7E-5C78D9840B2C}.Release|iPhoneSimulator.ActiveCfg = Release|Any CPU
		{1A89715B-A2BA-4BFB-AC7E-5C78D9840B2C}.Release|iPhoneSimulator.Build.0 = Release|Any CPU
		{41A444C3-E4EC-4383-9ECF-3029D19FD22D}.Debug|Any CPU.ActiveCfg = Debug|iPhoneSimulator
		{41A444C3-E4EC-4383-9ECF-3029D19FD22D}.Debug|Any CPU.Build.0 = Debug|iPhoneSimulator
		{41A444C3-E4EC-4383-9ECF-3029D19FD22D}.Debug|iPhone.ActiveCfg = Debug|iPhone
		{41A444C3-E4EC-4383-9ECF-3029D19FD22D}.Debug|iPhone.Build.0 = Debug|iPhone
		{41A444C3-E4EC-4383-9ECF-3029D19FD22D}.Debug|iPhoneSimulator.ActiveCfg = Debug|iPhoneSimulator
		{41A444C3-E4EC-4383-9ECF-3029D19FD22D}.Debug|iPhoneSimulator.Build.0 = Debug|iPhoneSimulator
		{41A444C3-E4EC-4383-9ECF-3029D19FD22D}.Release|Any CPU.ActiveCfg = Release|iPhoneSimulator
		{41A444C3-E4EC-4383-9ECF-3029D19FD22D}.Release|Any CPU.Build.0 = Release|iPhoneSimulator
		{41A444C3-E4EC-4383-9ECF-3029D19FD22D}.Release|iPhone.ActiveCfg = Release|iPhone
		{41A444C3-E4EC-4383-9ECF-3029D19FD22D}.Release|iPhone.Build.0 = Release|iPhone
		{41A444C3-E4EC-4383-9ECF-3029D19FD22D}.Release|iPhoneSimulator.ActiveCfg = Release|iPhoneSimulator
		{41A444C3-E4EC-4383-9ECF-3029D19FD22D}.Release|iPhoneSimulator.Build.0 = Release|iPhoneSimulator
		{2130C0FD-898F-42F0-AEF1-9929121CC248}.Debug|Any CPU.ActiveCfg = Debug|Any CPU
		{2130C0FD-898F-42F0-AEF1-9929121CC248}.Debug|Any CPU.Build.0 = Debug|Any CPU
		{2130C0FD-898F-42F0-AEF1-9929121CC248}.Debug|iPhone.ActiveCfg = Debug|Any CPU
		{2130C0FD-898F-42F0-AEF1-9929121CC248}.Debug|iPhone.Build.0 = Debug|Any CPU
		{2130C0FD-898F-42F0-AEF1-9929121CC248}.Debug|iPhoneSimulator.ActiveCfg = Debug|Any CPU
		{2130C0FD-898F-42F0-AEF1-9929121CC248}.Debug|iPhoneSimulator.Build.0 = Debug|Any CPU
		{2130C0FD-898F-42F0-AEF1-9929121CC248}.Release|Any CPU.ActiveCfg = Release|Any CPU
		{2130C0FD-898F-42F0-AEF1-9929121CC248}.Release|Any CPU.Build.0 = Release|Any CPU
		{2130C0FD-898F-42F0-AEF1-9929121CC248}.Release|iPhone.ActiveCfg = Release|Any CPU
		{2130C0FD-898F-42F0-AEF1-9929121CC248}.Release|iPhone.Build.0 = Release|Any CPU
		{2130C0FD-898F-42F0-AEF1-9929121CC248}.Release|iPhoneSimulator.ActiveCfg = Release|Any CPU
		{2130C0FD-898F-42F0-AEF1-9929121CC248}.Release|iPhoneSimulator.Build.0 = Release|Any CPU
	EndGlobalSection
	GlobalSection(SolutionProperties) = preSolution
		HideSolutionNode = FALSE
	EndGlobalSection
	GlobalSection(ExtensibilityGlobals) = postSolution
		SolutionGuid = {B4D83253-5ED2-44B1-9979-33BD03438A97}
	EndGlobalSection
EndGlobal
